<?xml version="1.0" encoding="utf-8"?>
<Project ToolsVersion="4.0" xmlns="http://schemas.microsoft.com/developer/msbuild/2003">
  <ItemGroup>
    <ClCompile Include="Semantic\Analyze.cpp" />
    <ClCompile Include="Object_code\Code.cpp" />
    <ClCompile Include="Object_code\CodeGen.cpp" />
    <ClCompile Include="Intermediate_optimization\ConstOpti.cpp" />
    <ClCompile Include="Intermediate_optimization\ECCsaving.cpp" />
    <ClCompile Include="Intermediate_optimization\LoopOpti.cpp" />
    <ClCompile Include="Intermediate_generation\midcode.cpp" />
    <ClCompile Include="Lexical\scanner.cpp" />
    <ClCompile Include="SNLC.cpp" />
    <ClCompile Include="Semantic\symbTable.cpp" />
    <ClCompile Include="Lexical\Util_Lex.cpp" />
    <ClCompile Include="Grammar\Util_LL1.cpp" />
    <ClCompile Include="Intermediate_generation\Util_mg.cpp" />
    <ClCompile Include="Storage_free\Util_sf.cpp" />
    <ClCompile Include="Grammar\zparse.cpp" />
    <ClCompile Include="Test\test1.cpp" />
  </ItemGroup>
  <ItemGroup>
    <ClCompile Include="SNLC.cpp">
      <Filter>源文件</Filter>
    </ClCompile>
    <ClCompile Include="Lexical\scanner.cpp">
      <Filter>源文件\Lexical</Filter>
    </ClCompile>
    <ClCompile Include="Lexical\Util_Lex.cpp">
      <Filter>源文件\Lexical</Filter>
    </ClCompile>
    <ClCompile Include="Grammar\zparse.cpp">
      <Filter>源文件\Grammar</Filter>
    </ClCompile>
    <ClCompile Include="Grammar\Util_LL1.cpp">
      <Filter>源文件\Grammar</Filter>
    </ClCompile>
    <ClCompile Include="Semantic\symbTable.cpp">
      <Filter>源文件\Semantic</Filter>
    </ClCompile>
    <ClCompile Include="Semantic\Analyze.cpp">
      <Filter>源文件\Semantic</Filter>
    </ClCompile>
    <ClCompile Include="Intermediate_generation\midcode.cpp">
      <Filter>源文件\Intermediate_generation</Filter>
    </ClCompile>
    <ClCompile Include="Intermediate_generation\Util_mg.cpp">
      <Filter>源文件\Intermediate_generation</Filter>
    </ClCompile>
    <ClCompile Include="Intermediate_optimization\ConstOpti.cpp">
      <Filter>源文件\Intermediate_optimization</Filter>
    </ClCompile>
    <ClCompile Include="Intermediate_optimization\ECCsaving.cpp">
      <Filter>源文件\Intermediate_optimization</Filter>
    </ClCompile>
    <ClCompile Include="Intermediate_optimization\LoopOpti.cpp">
      <Filter>源文件\Intermediate_optimization</Filter>
    </ClCompile>
    <ClCompile Include="Object_code\Code.cpp">
      <Filter>源文件\Object_code</Filter>
    </ClCompile>
    <ClCompile Include="Object_code\CodeGen.cpp">
      <Filter>源文件\Object_code</Filter>
    </ClCompile>
    <ClCompile Include="Storage_free\Util_sf.cpp">
      <Filter>源文件\Storage_free</Filter>
    </ClCompile>
    <ClCompile Include="Test\test1.cpp">
      <Filter>源文件\Test</Filter>
    </ClCompile>
  </ItemGroup>
  <ItemGroup>
    <ClInclude Include="Grammar\grammar.h" />
    <ClInclude Include="Intermediate_optimization\LoopOpti.h" />
    <ClInclude Include="Intermediate_optimization\midcodeopt.h" />
    <ClInclude Include="Lexical\lexical.h" />
    <ClInclude Include="Intermediate_generation\midcode_g.h" />
    <ClInclude Include="Semantic\semantic.h" />
    <ClInclude Include="SNLC.h" />
  </ItemGroup>
  <ItemGroup>
    <Text Include="Docs\snl2.txt" />
    <Text Include="Docs\midcode.txt" />
    <Text Include="Docs\snl3.txt" />
    <Text Include="Docs\snls.txt" />
    <Text Include="Docs\production.txt" />
    <Text Include="Docs\symbtable.txt" />
    <Text Include="Docs\token.txt" />
    <Text Include="Docs\snl4.txt" />
  </ItemGroup>
</Project>